
Microsoft Visual Studio Solution File, Format Version 12.00
# Visual Studio Version 16
VisualStudioVersion = 16.0.29424.173
MinimumVisualStudioVersion = 10.0.40219.1
Project("{888888A0-9F3D-457C-B088-3A5042F75D52}") = "Tracert", "Tracert\Tracert.pyproj", "{FBE4D850-CCDD-4FCB-A0D8-A5C58CC03202}"
EndProject
Global
	GlobalSection(SolutionConfigurationPlatforms) = preSolution
		Debug|Any CPU = Debug|Any CPU
		Release|Any CPU = Release|Any CPU
	EndGlobalSection
	GlobalSection(ProjectConfigurationPlatforms) = postSolution
		{FBE4D850-CCDD-4FCB-A0D8-A5C58CC03202}.Debug|Any CPU.ActiveCfg = Debug|Any CPU
		{FBE4D850-CCDD-4FCB-A0D8-A5C58CC03202}.Release|Any CPU.ActiveCfg = Release|Any CPU
	EndGlobalSection
	GlobalSection(SolutionProperties) = preSolution
		HideSolutionNode = FALSE
	EndGlobalSection
	GlobalSection(ExtensibilityGlobals) = postSolution
		SolutionGuid = {B518404F-F1C3-4516-9466-D2A8967A8B05}
	EndGlobalSection
EndGlobal
